{
  "lockfileVersion": 2,
  "configVersion": 1,
  "workspaces": {
    "": {
      "name": "3deblock",
      "dependencies": {
        "@formkit/auto-animate": "^0.10.0",
        "lucide-static": "^1.52.0",
        "uplot": "^1.6.32",
      },
      "devDependencies": {
        "@fontsource-variable/jetbrains-mono": "^5.3.0",
      },
    },
  },
  "packages": {
    "@fontsource-variable/jetbrains-mono": ["@fontsource-variable/jetbrains-mono@5.3.0", "", {}, "sha512-F32xpS2NsGYoQi2ADSkKTgpJj7ozajsGgDJ8woTnqjmIB+dxDIqImjl4pXZVEExu8UFZ2ndhmX18EBS/hdz3Lw=="],

    "@formkit/auto-animate": ["@formkit/auto-animate@0.10.0", "", {}, "sha512-KGomRttjUfORuPUaR/ZGQw+6xfMrTM+sxnILv7JAd9AmabU9rg9i6gF/iC0Ih+QpKCubJpCA/1DX9UHKE8cX+A=="],

    "lucide-static": ["lucide-static@1.52.0", "", {}, "sha512-0zZYihAze4ZmUCcyNa9OkWYqn/Y5f9AdTh02AZIxMtP5ravcTTfoSIAnUPBH6ZvKxt+ZW28JB0ldzLRyD82fcw=="],

    "uplot": ["uplot@1.6.32", "", {}, "sha512-KIMVnG68zvu5XXUbC4LQEPnhwOxBuLyW1AHtpm6IKTXImkbLgkMy+jabjLgSLMasNuGGzQm/ep3tOkyTxpiQIw=="],
  }
}
